
Microsoft Visual Studio Solution File, Format Version 12.00
# Visual Studio 15
VisualStudioVersion = 15.0.28010.2003
MinimumVisualStudioVersion = 10.0.40219.1
Project("{9A19103F-16F7-4668-BE54-9A1E7A4F7556}") = "EntityFrameworkCore.Procedure", ".\EntityFrameworkCore.Procedure\EntityFrameworkCore.Procedure.csproj", "{2BF8C48F-CCB3-4FF3-B6BF-0523DB1B8813}"
EndProject
Project("{2150E333-8FDC-42A3-9474-1A3956D46DE8}") = "Tests", "Tests", "{661F3DD7-49A7-4D67-BF5C-890176AB8158}"
EndProject
Project("{9A19103F-16F7-4668-BE54-9A1E7A4F7556}") = "Procedure.XUnitTest", ".\Tests\Procedure.XUnitTest\Procedure.XUnitTest.csproj", "{3A3F9905-6F29-4E21-BDB4-E76E51A80CF2}"
EndProject
Project("{FAE04EC0-301F-11D3-BF4B-00C04F79EFBC}") = "Test.DbRepository", ".\Tests\Test.DbRepository\Test.DbRepository.csproj", "{12CB701B-3196-4A18-A18D-9D174EF5C6A7}"
EndProject
Global
	GlobalSection(SolutionConfigurationPlatforms) = preSolution
		Debug|Any CPU = Debug|Any CPU
		Release|Any CPU = Release|Any CPU
	EndGlobalSection
	GlobalSection(ProjectConfigurationPlatforms) = postSolution
		{2BF8C48F-CCB3-4FF3-B6BF-0523DB1B8813}.Debug|Any CPU.ActiveCfg = Debug|Any CPU
		{2BF8C48F-CCB3-4FF3-B6BF-0523DB1B8813}.Debug|Any CPU.Build.0 = Debug|Any CPU
		{2BF8C48F-CCB3-4FF3-B6BF-0523DB1B8813}.Release|Any CPU.ActiveCfg = Release|Any CPU
		{2BF8C48F-CCB3-4FF3-B6BF-0523DB1B8813}.Release|Any CPU.Build.0 = Release|Any CPU
		{3A3F9905-6F29-4E21-BDB4-E76E51A80CF2}.Debug|Any CPU.ActiveCfg = Debug|Any CPU
		{3A3F9905-6F29-4E21-BDB4-E76E51A80CF2}.Debug|Any CPU.Build.0 = Debug|Any CPU
		{3A3F9905-6F29-4E21-BDB4-E76E51A80CF2}.Release|Any CPU.ActiveCfg = Release|Any CPU
		{3A3F9905-6F29-4E21-BDB4-E76E51A80CF2}.Release|Any CPU.Build.0 = Release|Any CPU
		{12CB701B-3196-4A18-A18D-9D174EF5C6A7}.Debug|Any CPU.ActiveCfg = Debug|Any CPU
		{12CB701B-3196-4A18-A18D-9D174EF5C6A7}.Debug|Any CPU.Build.0 = Debug|Any CPU
		{12CB701B-3196-4A18-A18D-9D174EF5C6A7}.Release|Any CPU.ActiveCfg = Release|Any CPU
		{12CB701B-3196-4A18-A18D-9D174EF5C6A7}.Release|Any CPU.Build.0 = Release|Any CPU
	EndGlobalSection
	GlobalSection(SolutionProperties) = preSolution
		HideSolutionNode = FALSE
	EndGlobalSection
	GlobalSection(NestedProjects) = preSolution
		{3A3F9905-6F29-4E21-BDB4-E76E51A80CF2} = {661F3DD7-49A7-4D67-BF5C-890176AB8158}
		{12CB701B-3196-4A18-A18D-9D174EF5C6A7} = {661F3DD7-49A7-4D67-BF5C-890176AB8158}
	EndGlobalSection
	GlobalSection(ExtensibilityGlobals) = postSolution
		SolutionGuid = {335BF64A-8595-4578-8C46-57E63E83D27C}
	EndGlobalSection
EndGlobal
